
Microsoft Visual Studio Solution File, Format Version 12.00
# Visual Studio Version 17
VisualStudioVersion = 17.11.35312.102
MinimumVisualStudioVersion = 10.0.40219.1
Project("{FAE04EC0-301F-11D3-BF4B-00C04F79EFBC}") = "Assets.Service", "Assets.Service.csproj", "{DC2FDFE8-AC81-441A-BFA0-64A45215BDDA}"
EndProject
Global
	GlobalSection(SolutionConfigurationPlatforms) = preSolution
		Debug|Any CPU = Debug|Any CPU
		Release|Any CPU = Release|Any CPU
	EndGlobalSection
	GlobalSection(ProjectConfigurationPlatforms) = postSolution
		{DC2FDFE8-AC81-441A-BFA0-64A45215BDDA}.Debug|Any CPU.ActiveCfg = Debug|Any CPU
		{DC2FDFE8-AC81-441A-BFA0-64A45215BDDA}.Debug|Any CPU.Build.0 = Debug|Any CPU
		{DC2FDFE8-AC81-441A-BFA0-64A45215BDDA}.Release|Any CPU.ActiveCfg = Release|Any CPU
		{DC2FDFE8-AC81-441A-BFA0-64A45215BDDA}.Release|Any CPU.Build.0 = Release|Any CPU
	EndGlobalSection
	GlobalSection(SolutionProperties) = preSolution
		HideSolutionNode = FALSE
	EndGlobalSection
	GlobalSection(ExtensibilityGlobals) = postSolution
		SolutionGuid = {0FFC4A26-E942-450C-B527-7B3F782DF1ED}
	EndGlobalSection
EndGlobal
